{"filter":false,"title":"Gemfile.lock","tooltip":"/Gemfile.lock","undoManager":{"mark":4,"position":4,"stack":[[{"start":{"row":211,"column":0},"end":{"row":215,"column":48},"action":"remove","lines":["<<<<<<< HEAD","  sqlite3 (~> 1.4.1)","=======","  sqlite3",">>>>>>> 98562784045b0129ed5941fee3025cc23a895557"],"id":2},{"start":{"row":211,"column":0},"end":{"row":211,"column":20},"action":"insert","lines":["  sqlite3 (~> 1.4.1)"]}],[{"start":{"row":211,"column":9},"end":{"row":211,"column":20},"action":"remove","lines":[" (~> 1.4.1)"],"id":3,"ignore":true}],[{"start":{"row":211,"column":0},"end":{"row":211,"column":9},"action":"remove","lines":["  sqlite3"],"id":4,"ignore":true},{"start":{"row":211,"column":0},"end":{"row":215,"column":14},"action":"insert","lines":["<<<<<<< HEAD","  sqlite3 (~> 1.4.1)","=======","  sqlite3",">>>>>>> favico"]}],[{"start":{"row":214,"column":9},"end":{"row":215,"column":14},"action":"remove","lines":["",">>>>>>> favico"],"id":5}],[{"start":{"row":210,"column":34},"end":{"row":213,"column":7},"action":"remove","lines":["","<<<<<<< HEAD","  sqlite3 (~> 1.4.1)","======="],"id":6}]]},"ace":{"folds":[],"scrolltop":2911,"scrollleft":0,"selection":{"start":{"row":210,"column":34},"end":{"row":210,"column":34},"isBackwards":false},"options":{"guessTabSize":true,"useWrapMode":false,"wrapToView":true},"firstLineState":0},"timestamp":1571287982748,"hash":"d683e6d936297c56dce35eff2ed8bc4e745a9246"}